// !$*UTF8*$!
{
	archiveVersion = 1;
	classes = {
	};
	objectVersion = 56;
	objects = {

/* Begin PBXBuildFile section */
		9090C8112B983C2D007F1F7E /* Coordinator.swift in Sources */ = {isa = PBXBuildFile; fileRef = 9090C8102B983C2D007F1F7E /* Coordinator.swift */; };
		9090C8162B983CC9007F1F7E /* CountryPageCoordinator.swift in Sources */ = {isa = PBXBuildFile; fileRef = 9090C8152B983CC9007F1F7E /* CountryPageCoordinator.swift */; };
		9090C8182B983DA9007F1F7E /* CityPageCoordinator.swift in Sources */ = {isa = PBXBuildFile; fileRef = 9090C8172B983DA9007F1F7E /* CityPageCoordinator.swift */; };
		9090C81A2B984013007F1F7E /* CityInfoCoordinator.swift in Sources */ = {isa = PBXBuildFile; fileRef = 9090C8192B984013007F1F7E /* CityInfoCoordinator.swift */; };
		90C7C0FA2B96FDB80035836F /* AppDelegate.swift in Sources */ = {isa = PBXBuildFile; fileRef = 90C7C0F92B96FDB80035836F /* AppDelegate.swift */; };
		90C7C0FC2B96FDB80035836F /* SceneDelegate.swift in Sources */ = {isa = PBXBuildFile; fileRef = 90C7C0FB2B96FDB80035836F /* SceneDelegate.swift */; };
		90C7C1032B96FDB90035836F /* Assets.xcassets in Resources */ = {isa = PBXBuildFile; fileRef = 90C7C1022B96FDB90035836F /* Assets.xcassets */; };
		90C7C1062B96FDB90035836F /* LaunchScreen.storyboard in Resources */ = {isa = PBXBuildFile; fileRef = 90C7C1042B96FDB90035836F /* LaunchScreen.storyboard */; };
		90C7C1102B9700190035836F /* LoginPageController.swift in Sources */ = {isa = PBXBuildFile; fileRef = 90C7C10F2B9700190035836F /* LoginPageController.swift */; };
		90C7C1132B9702390035836F /* SnapKit in Frameworks */ = {isa = PBXBuildFile; productRef = 90C7C1122B9702390035836F /* SnapKit */; };
		90C7C1152B9702390035836F /* SnapKit-Dynamic in Frameworks */ = {isa = PBXBuildFile; productRef = 90C7C1142B9702390035836F /* SnapKit-Dynamic */; };
		90C7C1172B9719A30035836F /* CountryPageController.swift in Sources */ = {isa = PBXBuildFile; fileRef = 90C7C1162B9719A30035836F /* CountryPageController.swift */; };
		90C7C11A2B971B740035836F /* CountryModel.swift in Sources */ = {isa = PBXBuildFile; fileRef = 90C7C1192B971B740035836F /* CountryModel.swift */; };
		90C7C11C2B971B940035836F /* CountryData.swift in Sources */ = {isa = PBXBuildFile; fileRef = 90C7C11B2B971B940035836F /* CountryData.swift */; };
		90C7C1212B971F2C0035836F /* CountryCell.swift in Sources */ = {isa = PBXBuildFile; fileRef = 90C7C1202B971F2C0035836F /* CountryCell.swift */; };
		90C7C1232B971F3B0035836F /* CityCell.swift in Sources */ = {isa = PBXBuildFile; fileRef = 90C7C1222B971F3B0035836F /* CityCell.swift */; };
		90C7C1252B9729000035836F /* CityPageController.swift in Sources */ = {isa = PBXBuildFile; fileRef = 90C7C1242B9729000035836F /* CityPageController.swift */; };
		90C7C1282B972F830035836F /* CityInfoController.swift in Sources */ = {isa = PBXBuildFile; fileRef = 90C7C1272B972F830035836F /* CityInfoController.swift */; };
/* End PBXBuildFile section */

/* Begin PBXFileReference section */
		9090C8102B983C2D007F1F7E /* Coordinator.swift */ = {isa = PBXFileReference; lastKnownFileType = sourcecode.swift; path = Coordinator.swift; sourceTree = "<group>"; };
		9090C8152B983CC9007F1F7E /* CountryPageCoordinator.swift */ = {isa = PBXFileReference; lastKnownFileType = sourcecode.swift; path = CountryPageCoordinator.swift; sourceTree = "<group>"; };
		9090C8172B983DA9007F1F7E /* CityPageCoordinator.swift */ = {isa = PBXFileReference; lastKnownFileType = sourcecode.swift; path = CityPageCoordinator.swift; sourceTree = "<group>"; };
		9090C8192B984013007F1F7E /* CityInfoCoordinator.swift */ = {isa = PBXFileReference; lastKnownFileType = sourcecode.swift; path = CityInfoCoordinator.swift; sourceTree = "<group>"; };
		90C7C0F62B96FDB80035836F /* CountryApp.app */ = {isa = PBXFileReference; explicitFileType = wrapper.application; includeInIndex = 0; path = CountryApp.app; sourceTree = BUILT_PRODUCTS_DIR; };
		90C7C0F92B96FDB80035836F /* AppDelegate.swift */ = {isa = PBXFileReference; lastKnownFileType = sourcecode.swift; path = AppDelegate.swift; sourceTree = "<group>"; };
		90C7C0FB2B96FDB80035836F /* SceneDelegate.swift */ = {isa = PBXFileReference; lastKnownFileType = sourcecode.swift; path = SceneDelegate.swift; sourceTree = "<group>"; };
		90C7C1022B96FDB90035836F /* Assets.xcassets */ = {isa = PBXFileReference; lastKnownFileType = folder.assetcatalog; path = Assets.xcassets; sourceTree = "<group>"; };
		90C7C1052B96FDB90035836F /* Base */ = {isa = PBXFileReference; lastKnownFileType = file.storyboard; name = Base; path = Base.lproj/LaunchScreen.storyboard; sourceTree = "<group>"; };
		90C7C1072B96FDB90035836F /* Info.plist */ = {isa = PBXFileReference; lastKnownFileType = text.plist.xml; path = Info.plist; sourceTree = "<group>"; };
		90C7C10F2B9700190035836F /* LoginPageController.swift */ = {isa = PBXFileReference; lastKnownFileType = sourcecode.swift; path = LoginPageController.swift; sourceTree = "<group>"; };
		90C7C1162B9719A30035836F /* CountryPageController.swift */ = {isa = PBXFileReference; lastKnownFileType = sourcecode.swift; path = CountryPageController.swift; sourceTree = "<group>"; };
		90C7C1192B971B740035836F /* CountryModel.swift */ = {isa = PBXFileReference; lastKnownFileType = sourcecode.swift; path = CountryModel.swift; sourceTree = "<group>"; };
		90C7C11B2B971B940035836F /* CountryData.swift */ = {isa = PBXFileReference; lastKnownFileType = sourcecode.swift; path = CountryData.swift; sourceTree = "<group>"; };
		90C7C1202B971F2C0035836F /* CountryCell.swift */ = {isa = PBXFileReference; lastKnownFileType = sourcecode.swift; path = CountryCell.swift; sourceTree = "<group>"; };
		90C7C1222B971F3B0035836F /* CityCell.swift */ = {isa = PBXFileReference; lastKnownFileType = sourcecode.swift; path = CityCell.swift; sourceTree = "<group>"; };
		90C7C1242B9729000035836F /* CityPageController.swift */ = {isa = PBXFileReference; lastKnownFileType = sourcecode.swift; path = CityPageController.swift; sourceTree = "<group>"; };
		90C7C1272B972F830035836F /* CityInfoController.swift */ = {isa = PBXFileReference; lastKnownFileType = sourcecode.swift; path = CityInfoController.swift; sourceTree = "<group>"; };
/* End PBXFileReference section */

/* Begin PBXFrameworksBuildPhase section */
		90C7C0F32B96FDB80035836F /* Frameworks */ = {
			isa = PBXFrameworksBuildPhase;
			buildActionMask = 2147483647;
			files = (
				90C7C1132B9702390035836F /* SnapKit in Frameworks */,
				90C7C1152B9702390035836F /* SnapKit-Dynamic in Frameworks */,
			);
			runOnlyForDeploymentPostprocessing = 0;
		};
/* End PBXFrameworksBuildPhase section */

/* Begin PBXGroup section */
		9090C80F2B983C19007F1F7E /* Protocol */ = {
			isa = PBXGroup;
			children = (
				9090C8102B983C2D007F1F7E /* Coordinator.swift */,
			);
			path = Protocol;
			sourceTree = "<group>";
		};
		9090C8122B983C84007F1F7E /* Login Page */ = {
			isa = PBXGroup;
			children = (
				90C7C10F2B9700190035836F /* LoginPageController.swift */,
			);
			path = "Login Page";
			sourceTree = "<group>";
		};
		9090C8132B983C8F007F1F7E /* Country Page */ = {
			isa = PBXGroup;
			children = (
				90C7C1162B9719A30035836F /* CountryPageController.swift */,
				9090C8152B983CC9007F1F7E /* CountryPageCoordinator.swift */,
			);
			path = "Country Page";
			sourceTree = "<group>";
		};
		9090C8142B983C9B007F1F7E /* City Page */ = {
			isa = PBXGroup;
			children = (
				90C7C1242B9729000035836F /* CityPageController.swift */,
				9090C8172B983DA9007F1F7E /* CityPageCoordinator.swift */,
			);
			path = "City Page";
			sourceTree = "<group>";
		};
		90C7C0ED2B96FDB70035836F = {
			isa = PBXGroup;
			children = (
				90C7C0F82B96FDB80035836F /* CountryApp */,
				90C7C0F72B96FDB80035836F /* Products */,
			);
			sourceTree = "<group>";
		};
		90C7C0F72B96FDB80035836F /* Products */ = {
			isa = PBXGroup;
			children = (
				90C7C0F62B96FDB80035836F /* CountryApp.app */,
			);
			name = Products;
			sourceTree = "<group>";
		};
		90C7C0F82B96FDB80035836F /* CountryApp */ = {
			isa = PBXGroup;
			children = (
				9090C8122B983C84007F1F7E /* Login Page */,
				9090C8132B983C8F007F1F7E /* Country Page */,
				9090C8142B983C9B007F1F7E /* City Page */,
				90C7C1262B972EF50035836F /* City Info Page */,
				90C7C11D2B971F060035836F /* Cells */,
				90C7C1182B971B640035836F /* Data Manager */,
				9090C80F2B983C19007F1F7E /* Protocol */,
				90C7C0F92B96FDB80035836F /* AppDelegate.swift */,
				90C7C0FB2B96FDB80035836F /* SceneDelegate.swift */,
				90C7C1042B96FDB90035836F /* LaunchScreen.storyboard */,
				90C7C1022B96FDB90035836F /* Assets.xcassets */,
				90C7C1072B96FDB90035836F /* Info.plist */,
			);
			path = CountryApp;
			sourceTree = "<group>";
		};
		90C7C1182B971B640035836F /* Data Manager */ = {
			isa = PBXGroup;
			children = (
				90C7C1192B971B740035836F /* CountryModel.swift */,
				90C7C11B2B971B940035836F /* CountryData.swift */,
			);
			path = "Data Manager";
			sourceTree = "<group>";
		};
		90C7C11D2B971F060035836F /* Cells */ = {
			isa = PBXGroup;
			children = (
				90C7C1202B971F2C0035836F /* CountryCell.swift */,
				90C7C1222B971F3B0035836F /* CityCell.swift */,
			);
			path = Cells;
			sourceTree = "<group>";
		};
		90C7C1262B972EF50035836F /* City Info Page */ = {
			isa = PBXGroup;
			children = (
				90C7C1272B972F830035836F /* CityInfoController.swift */,
				9090C8192B984013007F1F7E /* CityInfoCoordinator.swift */,
			);
			path = "City Info Page";
			sourceTree = "<group>";
		};
/* End PBXGroup section */

/* Begin PBXNativeTarget section */
		90C7C0F52B96FDB80035836F /* CountryApp */ = {
			isa = PBXNativeTarget;
			buildConfigurationList = 90C7C10A2B96FDB90035836F /* Build configuration list for PBXNativeTarget "CountryApp" */;
			buildPhases = (
				90C7C0F22B96FDB80035836F /* Sources */,
				90C7C0F32B96FDB80035836F /* Frameworks */,
				90C7C0F42B96FDB80035836F /* Resources */,
			);
			buildRules = (
			);
			dependencies = (
			);
			name = CountryApp;
			packageProductDependencies = (
				90C7C1122B9702390035836F /* SnapKit */,
				90C7C1142B9702390035836F /* SnapKit-Dynamic */,
			);
			productName = CountryApp;
			productReference = 90C7C0F62B96FDB80035836F /* CountryApp.app */;
			productType = "com.apple.product-type.application";
		};
/* End PBXNativeTarget section */

/* Begin PBXProject section */
		90C7C0EE2B96FDB70035836F /* Project object */ = {
			isa = PBXProject;
			attributes = {
				BuildIndependentTargetsInParallel = 1;
				LastSwiftUpdateCheck = 1520;
				LastUpgradeCheck = 1520;
				TargetAttributes = {
					90C7C0F52B96FDB80035836F = {
						CreatedOnToolsVersion = 15.2;
					};
				};
			};
			buildConfigurationList = 90C7C0F12B96FDB70035836F /* Build configuration list for PBXProject "CountryApp" */;
			compatibilityVersion = "Xcode 14.0";
			developmentRegion = en;
			hasScannedForEncodings = 0;
			knownRegions = (
				en,
				Base,
			);
			mainGroup = 90C7C0ED2B96FDB70035836F;
			packageReferences = (
				90C7C1112B9702390035836F /* XCRemoteSwiftPackageReference "SnapKit" */,
			);
			productRefGroup = 90C7C0F72B96FDB80035836F /* Products */;
			projectDirPath = "";
			projectRoot = "";
			targets = (
				90C7C0F52B96FDB80035836F /* CountryApp */,
			);
		};
/* End PBXProject section */

/* Begin PBXResourcesBuildPhase section */
		90C7C0F42B96FDB80035836F /* Resources */ = {
			isa = PBXResourcesBuildPhase;
			buildActionMask = 2147483647;
			files = (
				90C7C1062B96FDB90035836F /* LaunchScreen.storyboard in Resources */,
				90C7C1032B96FDB90035836F /* Assets.xcassets in Resources */,
			);
			runOnlyForDeploymentPostprocessing = 0;
		};
/* End PBXResourcesBuildPhase section */

/* Begin PBXSourcesBuildPhase section */
		90C7C0F22B96FDB80035836F /* Sources */ = {
			isa = PBXSourcesBuildPhase;
			buildActionMask = 2147483647;
			files = (
				9090C8162B983CC9007F1F7E /* CountryPageCoordinator.swift in Sources */,
				90C7C1282B972F830035836F /* CityInfoController.swift in Sources */,
				90C7C1102B9700190035836F /* LoginPageController.swift in Sources */,
				90C7C0FA2B96FDB80035836F /* AppDelegate.swift in Sources */,
				90C7C1232B971F3B0035836F /* CityCell.swift in Sources */,
				9090C8182B983DA9007F1F7E /* CityPageCoordinator.swift in Sources */,
				90C7C0FC2B96FDB80035836F /* SceneDelegate.swift in Sources */,
				90C7C1172B9719A30035836F /* CountryPageController.swift in Sources */,
				9090C8112B983C2D007F1F7E /* Coordinator.swift in Sources */,
				90C7C11C2B971B940035836F /* CountryData.swift in Sources */,
				90C7C11A2B971B740035836F /* CountryModel.swift in Sources */,
				90C7C1212B971F2C0035836F /* CountryCell.swift in Sources */,
				90C7C1252B9729000035836F /* CityPageController.swift in Sources */,
				9090C81A2B984013007F1F7E /* CityInfoCoordinator.swift in Sources */,
			);
			runOnlyForDeploymentPostprocessing = 0;
		};
/* End PBXSourcesBuildPhase section */

/* Begin PBXVariantGroup section */
		90C7C1042B96FDB90035836F /* LaunchScreen.storyboard */ = {
			isa = PBXVariantGroup;
			children = (
				90C7C1052B96FDB90035836F /* Base */,
			);
			name = LaunchScreen.storyboard;
			sourceTree = "<group>";
		};
/* End PBXVariantGroup section */

/* Begin XCBuildConfiguration section */
		90C7C1082B96FDB90035836F /* Debug */ = {
			isa = XCBuildConfiguration;
			buildSettings = {
				ALWAYS_SEARCH_USER_PATHS = NO;
				ASSETCATALOG_COMPILER_GENERATE_SWIFT_ASSET_SYMBOL_EXTENSIONS = YES;
				CLANG_ANALYZER_NONNULL = YES;
				CLANG_ANALYZER_NUMBER_OBJECT_CONVERSION = YES_AGGRESSIVE;
				CLANG_CXX_LANGUAGE_STANDARD = "gnu++20";
				CLANG_ENABLE_MODULES = YES;
				CLANG_ENABLE_OBJC_ARC = YES;
				CLANG_ENABLE_OBJC_WEAK = YES;
				CLANG_WARN_BLOCK_CAPTURE_AUTORELEASING = YES;
				CLANG_WARN_BOOL_CONVERSION = YES;
				CLANG_WARN_COMMA = YES;
				CLANG_WARN_CONSTANT_CONVERSION = YES;
				CLANG_WARN_DEPRECATED_OBJC_IMPLEMENTATIONS = YES;
				CLANG_WARN_DIRECT_OBJC_ISA_USAGE = YES_ERROR;
				CLANG_WARN_DOCUMENTATION_COMMENTS = YES;
				CLANG_WARN_EMPTY_BODY = YES;
				CLANG_WARN_ENUM_CONVERSION = YES;
				CLANG_WARN_INFINITE_RECURSION = YES;
				CLANG_WARN_INT_CONVERSION = YES;
				CLANG_WARN_NON_LITERAL_NULL_CONVERSION = YES;
				CLANG_WARN_OBJC_IMPLICIT_RETAIN_SELF = YES;
				CLANG_WARN_OBJC_LITERAL_CONVERSION = YES;
				CLANG_WARN_OBJC_ROOT_CLASS = YES_ERROR;
				CLANG_WARN_QUOTED_INCLUDE_IN_FRAMEWORK_HEADER = YES;
				CLANG_WARN_RANGE_LOOP_ANALYSIS = YES;
				CLANG_WARN_STRICT_PROTOTYPES = YES;
				CLANG_WARN_SUSPICIOUS_MOVE = YES;
				CLANG_WARN_UNGUARDED_AVAILABILITY = YES_AGGRESSIVE;
				CLANG_WARN_UNREACHABLE_CODE = YES;
				CLANG_WARN__DUPLICATE_METHOD_MATCH = YES;
				COPY_PHASE_STRIP = NO;
				DEBUG_INFORMATION_FORMAT = dwarf;
				ENABLE_STRICT_OBJC_MSGSEND = YES;
				ENABLE_TESTABILITY = YES;
				ENABLE_USER_SCRIPT_SANDBOXING = YES;
				GCC_C_LANGUAGE_STANDARD = gnu17;
				GCC_DYNAMIC_NO_PIC = NO;
				GCC_NO_COMMON_BLOCKS = YES;
				GCC_OPTIMIZATION_LEVEL = 0;
				GCC_PREPROCESSOR_DEFINITIONS = (
					"DEBUG=1",
					"$(inherited)",
				);
				GCC_WARN_64_TO_32_BIT_CONVERSION = YES;
				GCC_WARN_ABOUT_RETURN_TYPE = YES_ERROR;
				GCC_WARN_UNDECLARED_SELECTOR = YES;
				GCC_WARN_UNINITIALIZED_AUTOS = YES_AGGRESSIVE;
				GCC_WARN_UNUSED_FUNCTION = YES;
				GCC_WARN_UNUSED_VARIABLE = YES;
				IPHONEOS_DEPLOYMENT_TARGET = 17.2;
				LOCALIZATION_PREFERS_STRING_CATALOGS = YES;
				MTL_ENABLE_DEBUG_INFO = INCLUDE_SOURCE;
				MTL_FAST_MATH = YES;
				ONLY_ACTIVE_ARCH = YES;
				SDKROOT = iphoneos;
				SWIFT_ACTIVE_COMPILATION_CONDITIONS = "DEBUG $(inherited)";
				SWIFT_OPTIMIZATION_LEVEL = "-Onone";
			};
			name = Debug;
		};
		90C7C1092B96FDB90035836F /* Release */ = {
			isa = XCBuildConfiguration;
			buildSettings = {
				ALWAYS_SEARCH_USER_PATHS = NO;
				ASSETCATALOG_COMPILER_GENERATE_SWIFT_ASSET_SYMBOL_EXTENSIONS = YES;
				CLANG_ANALYZER_NONNULL = YES;
				CLANG_ANALYZER_NUMBER_OBJECT_CONVERSION = YES_AGGRESSIVE;
				CLANG_CXX_LANGUAGE_STANDARD = "gnu++20";
				CLANG_ENABLE_MODULES = YES;
				CLANG_ENABLE_OBJC_ARC = YES;
				CLANG_ENABLE_OBJC_WEAK = YES;
				CLANG_WARN_BLOCK_CAPTURE_AUTORELEASING = YES;
				CLANG_WARN_BOOL_CONVERSION = YES;
				CLANG_WARN_COMMA = YES;
				CLANG_WARN_CONSTANT_CONVERSION = YES;
				CLANG_WARN_DEPRECATED_OBJC_IMPLEMENTATIONS = YES;
				CLANG_WARN_DIRECT_OBJC_ISA_USAGE = YES_ERROR;
				CLANG_WARN_DOCUMENTATION_COMMENTS = YES;
				CLANG_WARN_EMPTY_BODY = YES;
				CLANG_WARN_ENUM_CONVERSION = YES;
				CLANG_WARN_INFINITE_RECURSION = YES;
				CLANG_WARN_INT_CONVERSION = YES;
				CLANG_WARN_NON_LITERAL_NULL_CONVERSION = YES;
				CLANG_WARN_OBJC_IMPLICIT_RETAIN_SELF = YES;
				CLANG_WARN_OBJC_LITERAL_CONVERSION = YES;
				CLANG_WARN_OBJC_ROOT_CLASS = YES_ERROR;
				CLANG_WARN_QUOTED_INCLUDE_IN_FRAMEWORK_HEADER = YES;
				CLANG_WARN_RANGE_LOOP_ANALYSIS = YES;
				CLANG_WARN_STRICT_PROTOTYPES = YES;
				CLANG_WARN_SUSPICIOUS_MOVE = YES;
				CLANG_WARN_UNGUARDED_AVAILABILITY = YES_AGGRESSIVE;
				CLANG_WARN_UNREACHABLE_CODE = YES;
				CLANG_WARN__DUPLICATE_METHOD_MATCH = YES;
				COPY_PHASE_STRIP = NO;
				DEBUG_INFORMATION_FORMAT = "dwarf-with-dsym";
				ENABLE_NS_ASSERTIONS = NO;
				ENABLE_STRICT_OBJC_MSGSEND = YES;
				ENABLE_USER_SCRIPT_SANDBOXING = YES;
				GCC_C_LANGUAGE_STANDARD = gnu17;
				GCC_NO_COMMON_BLOCKS = YES;
				GCC_WARN_64_TO_32_BIT_CONVERSION = YES;
				GCC_WARN_ABOUT_RETURN_TYPE = YES_ERROR;
				GCC_WARN_UNDECLARED_SELECTOR = YES;
				GCC_WARN_UNINITIALIZED_AUTOS = YES_AGGRESSIVE;
				GCC_WARN_UNUSED_FUNCTION = YES;
				GCC_WARN_UNUSED_VARIABLE = YES;
				IPHONEOS_DEPLOYMENT_TARGET = 17.2;
				LOCALIZATION_PREFERS_STRING_CATALOGS = YES;
				MTL_ENABLE_DEBUG_INFO = NO;
				MTL_FAST_MATH = YES;
				SDKROOT = iphoneos;
				SWIFT_COMPILATION_MODE = wholemodule;
				VALIDATE_PRODUCT = YES;
			};
			name = Release;
		};
		90C7C10B2B96FDB90035836F /* Debug */ = {
			isa = XCBuildConfiguration;
			buildSettings = {
				ASSETCATALOG_COMPILER_APPICON_NAME = AppIcon;
				ASSETCATALOG_COMPILER_GLOBAL_ACCENT_COLOR_NAME = AccentColor;
				CODE_SIGN_STYLE = Automatic;
				CURRENT_PROJECT_VERSION = 1;
				DEVELOPMENT_TEAM = AN4FXSTRK3;
				GENERATE_INFOPLIST_FILE = YES;
				INFOPLIST_FILE = CountryApp/Info.plist;
				INFOPLIST_KEY_UIApplicationSupportsIndirectInputEvents = YES;
				INFOPLIST_KEY_UILaunchStoryboardName = LaunchScreen;
				INFOPLIST_KEY_UISupportedInterfaceOrientations_iPad = "UIInterfaceOrientationPortrait UIInterfaceOrientationPortraitUpsideDown UIInterfaceOrientationLandscapeLeft UIInterfaceOrientationLandscapeRight";
				INFOPLIST_KEY_UISupportedInterfaceOrientations_iPhone = "UIInterfaceOrientationPortrait UIInterfaceOrientationLandscapeLeft UIInterfaceOrientationLandscapeRight";
				LD_RUNPATH_SEARCH_PATHS = (
					"$(inherited)",
					"@executable_path/Frameworks",
				);
				MARKETING_VERSION = 1.0;
				PRODUCT_BUNDLE_IDENTIFIER = ziyadkhan.com.CountryApp;
				PRODUCT_NAME = "$(TARGET_NAME)";
				SWIFT_EMIT_LOC_STRINGS = YES;
				SWIFT_VERSION = 5.0;
				TARGETED_DEVICE_FAMILY = "1,2";
			};
			name = Debug;
		};
		90C7C10C2B96FDB90035836F /* Release */ = {
			isa = XCBuildConfiguration;
			buildSettings = {
				ASSETCATALOG_COMPILER_APPICON_NAME = AppIcon;
				ASSETCATALOG_COMPILER_GLOBAL_ACCENT_COLOR_NAME = AccentColor;
				CODE_SIGN_STYLE = Automatic;
				CURRENT_PROJECT_VERSION = 1;
				DEVELOPMENT_TEAM = AN4FXSTRK3;
				GENERATE_INFOPLIST_FILE = YES;
				INFOPLIST_FILE = CountryApp/Info.plist;
				INFOPLIST_KEY_UIApplicationSupportsIndirectInputEvents = YES;
				INFOPLIST_KEY_UILaunchStoryboardName = LaunchScreen;
				INFOPLIST_KEY_UISupportedInterfaceOrientations_iPad = "UIInterfaceOrientationPortrait UIInterfaceOrientationPortraitUpsideDown UIInterfaceOrientationLandscapeLeft UIInterfaceOrientationLandscapeRight";
				INFOPLIST_KEY_UISupportedInterfaceOrientations_iPhone = "UIInterfaceOrientationPortrait UIInterfaceOrientationLandscapeLeft UIInterfaceOrientationLandscapeRight";
				LD_RUNPATH_SEARCH_PATHS = (
					"$(inherited)",
					"@executable_path/Frameworks",
				);
				MARKETING_VERSION = 1.0;
				PRODUCT_BUNDLE_IDENTIFIER = ziyadkhan.com.CountryApp;
				PRODUCT_NAME = "$(TARGET_NAME)";
				SWIFT_EMIT_LOC_STRINGS = YES;
				SWIFT_VERSION = 5.0;
				TARGETED_DEVICE_FAMILY = "1,2";
			};
			name = Release;
		};
/* End XCBuildConfiguration section */

/* Begin XCConfigurationList section */
		90C7C0F12B96FDB70035836F /* Build configuration list for PBXProject "CountryApp" */ = {
			isa = XCConfigurationList;
			buildConfigurations = (
				90C7C1082B96FDB90035836F /* Debug */,
				90C7C1092B96FDB90035836F /* Release */,
			);
			defaultConfigurationIsVisible = 0;
			defaultConfigurationName = Release;
		};
		90C7C10A2B96FDB90035836F /* Build configuration list for PBXNativeTarget "CountryApp" */ = {
			isa = XCConfigurationList;
			buildConfigurations = (
				90C7C10B2B96FDB90035836F /* Debug */,
				90C7C10C2B96FDB90035836F /* Release */,
			);
			defaultConfigurationIsVisible = 0;
			defaultConfigurationName = Release;
		};
/* End XCConfigurationList section */

/* Begin XCRemoteSwiftPackageReference section */
		90C7C1112B9702390035836F /* XCRemoteSwiftPackageReference "SnapKit" */ = {
			isa = XCRemoteSwiftPackageReference;
			repositoryURL = "https://github.com/SnapKit/SnapKit.git";
			requirement = {
				kind = upToNextMajorVersion;
				minimumVersion = 5.7.1;
			};
		};
/* End XCRemoteSwiftPackageReference section */

/* Begin XCSwiftPackageProductDependency section */
		90C7C1122B9702390035836F /* SnapKit */ = {
			isa = XCSwiftPackageProductDependency;
			package = 90C7C1112B9702390035836F /* XCRemoteSwiftPackageReference "SnapKit" */;
			productName = SnapKit;
		};
		90C7C1142B9702390035836F /* SnapKit-Dynamic */ = {
			isa = XCSwiftPackageProductDependency;
			package = 90C7C1112B9702390035836F /* XCRemoteSwiftPackageReference "SnapKit" */;
			productName = "SnapKit-Dynamic";
		};
/* End XCSwiftPackageProductDependency section */
	};
	rootObject = 90C7C0EE2B96FDB70035836F /* Project object */;
}
